// !$*UTF8*$!
{
	archiveVersion = 1;
	classes = {
	};
	objectVersion = 50;
	objects = {

/* Begin PBXBuildFile section */
		155336CA251248560011B0B4 /* main.c in Sources */ = {isa = PBXBuildFile; fileRef = 155336C9251248560011B0B4 /* main.c */; };
		155336D2251248770011B0B4 /* parser.c in Sources */ = {isa = PBXBuildFile; fileRef = 155336D1251248770011B0B4 /* parser.c */; };
		155336D5251248A00011B0B4 /* types.c in Sources */ = {isa = PBXBuildFile; fileRef = 155336D4251248A00011B0B4 /* types.c */; };
		155336D8251248CE0011B0B4 /* exec.c in Sources */ = {isa = PBXBuildFile; fileRef = 155336D7251248CE0011B0B4 /* exec.c */; };
/* End PBXBuildFile section */

/* Begin PBXCopyFilesBuildPhase section */
		155336C4251248560011B0B4 /* CopyFiles */ = {
			isa = PBXCopyFilesBuildPhase;
			buildActionMask = 2147483647;
			dstPath = /usr/share/man/man1/;
			dstSubfolderSpec = 0;
			files = (
			);
			runOnlyForDeploymentPostprocessing = 1;
		};
/* End PBXCopyFilesBuildPhase section */

/* Begin PBXFileReference section */
		155336C6251248560011B0B4 /* Mumsh */ = {isa = PBXFileReference; explicitFileType = "compiled.mach-o.executable"; includeInIndex = 0; path = Mumsh; sourceTree = BUILT_PRODUCTS_DIR; };
		155336C9251248560011B0B4 /* main.c */ = {isa = PBXFileReference; lastKnownFileType = sourcecode.c.c; path = main.c; sourceTree = "<group>"; };
		155336D0251248770011B0B4 /* parser.h */ = {isa = PBXFileReference; lastKnownFileType = sourcecode.c.h; path = parser.h; sourceTree = "<group>"; };
		155336D1251248770011B0B4 /* parser.c */ = {isa = PBXFileReference; lastKnownFileType = sourcecode.c.c; path = parser.c; sourceTree = "<group>"; };
		155336D3251248A00011B0B4 /* types.h */ = {isa = PBXFileReference; lastKnownFileType = sourcecode.c.h; path = types.h; sourceTree = "<group>"; };
		155336D4251248A00011B0B4 /* types.c */ = {isa = PBXFileReference; lastKnownFileType = sourcecode.c.c; path = types.c; sourceTree = "<group>"; };
		155336D6251248CE0011B0B4 /* exec.h */ = {isa = PBXFileReference; lastKnownFileType = sourcecode.c.h; path = exec.h; sourceTree = "<group>"; };
		155336D7251248CE0011B0B4 /* exec.c */ = {isa = PBXFileReference; lastKnownFileType = sourcecode.c.c; path = exec.c; sourceTree = "<group>"; };
/* End PBXFileReference section */

/* Begin PBXFrameworksBuildPhase section */
		155336C3251248560011B0B4 /* Frameworks */ = {
			isa = PBXFrameworksBuildPhase;
			buildActionMask = 2147483647;
			files = (
			);
			runOnlyForDeploymentPostprocessing = 0;
		};
/* End PBXFrameworksBuildPhase section */

/* Begin PBXGroup section */
		155336BD251248560011B0B4 = {
			isa = PBXGroup;
			children = (
				155336C8251248560011B0B4 /* Mumsh */,
				155336C7251248560011B0B4 /* Products */,
			);
			sourceTree = "<group>";
		};
		155336C7251248560011B0B4 /* Products */ = {
			isa = PBXGroup;
			children = (
				155336C6251248560011B0B4 /* Mumsh */,
			);
			name = Products;
			sourceTree = "<group>";
		};
		155336C8251248560011B0B4 /* Mumsh */ = {
			isa = PBXGroup;
			children = (
				155336C9251248560011B0B4 /* main.c */,
				155336D0251248770011B0B4 /* parser.h */,
				155336D3251248A00011B0B4 /* types.h */,
				155336D4251248A00011B0B4 /* types.c */,
				155336D1251248770011B0B4 /* parser.c */,
				155336D6251248CE0011B0B4 /* exec.h */,
				155336D7251248CE0011B0B4 /* exec.c */,
			);
			path = Mumsh;
			sourceTree = "<group>";
		};
/* End PBXGroup section */

/* Begin PBXNativeTarget section */
		155336C5251248560011B0B4 /* Mumsh */ = {
			isa = PBXNativeTarget;
			buildConfigurationList = 155336CD251248560011B0B4 /* Build configuration list for PBXNativeTarget "Mumsh" */;
			buildPhases = (
				155336C2251248560011B0B4 /* Sources */,
				155336C3251248560011B0B4 /* Frameworks */,
				155336C4251248560011B0B4 /* CopyFiles */,
			);
			buildRules = (
			);
			dependencies = (
			);
			name = Mumsh;
			productName = Mumsh;
			productReference = 155336C6251248560011B0B4 /* Mumsh */;
			productType = "com.apple.product-type.tool";
		};
/* End PBXNativeTarget section */

/* Begin PBXProject section */
		155336BE251248560011B0B4 /* Project object */ = {
			isa = PBXProject;
			attributes = {
				LastUpgradeCheck = 1030;
				ORGANIZATIONNAME = Francis;
				TargetAttributes = {
					155336C5251248560011B0B4 = {
						CreatedOnToolsVersion = 10.3;
					};
				};
			};
			buildConfigurationList = 155336C1251248560011B0B4 /* Build configuration list for PBXProject "Mumsh" */;
			compatibilityVersion = "Xcode 9.3";
			developmentRegion = en;
			hasScannedForEncodings = 0;
			knownRegions = (
				en,
			);
			mainGroup = 155336BD251248560011B0B4;
			productRefGroup = 155336C7251248560011B0B4 /* Products */;
			projectDirPath = "";
			projectRoot = "";
			targets = (
				155336C5251248560011B0B4 /* Mumsh */,
			);
		};
/* End PBXProject section */

/* Begin PBXSourcesBuildPhase section */
		155336C2251248560011B0B4 /* Sources */ = {
			isa = PBXSourcesBuildPhase;
			buildActionMask = 2147483647;
			files = (
				155336D8251248CE0011B0B4 /* exec.c in Sources */,
				155336D5251248A00011B0B4 /* types.c in Sources */,
				155336D2251248770011B0B4 /* parser.c in Sources */,
				155336CA251248560011B0B4 /* main.c in Sources */,
			);
			runOnlyForDeploymentPostprocessing = 0;
		};
/* End PBXSourcesBuildPhase section */

/* Begin XCBuildConfiguration section */
		155336CB251248560011B0B4 /* Debug */ = {
			isa = XCBuildConfiguration;
			buildSettings = {
				ALWAYS_SEARCH_USER_PATHS = NO;
				CLANG_ANALYZER_NONNULL = YES;
				CLANG_ANALYZER_NUMBER_OBJECT_CONVERSION = YES_AGGRESSIVE;
				CLANG_CXX_LANGUAGE_STANDARD = "gnu++14";
				CLANG_CXX_LIBRARY = "libc++";
				CLANG_ENABLE_MODULES = YES;
				CLANG_ENABLE_OBJC_ARC = YES;
				CLANG_ENABLE_OBJC_WEAK = YES;
				CLANG_WARN_BLOCK_CAPTURE_AUTORELEASING = YES;
				CLANG_WARN_BOOL_CONVERSION = YES;
				CLANG_WARN_COMMA = YES;
				CLANG_WARN_CONSTANT_CONVERSION = YES;
				CLANG_WARN_DEPRECATED_OBJC_IMPLEMENTATIONS = YES;
				CLANG_WARN_DIRECT_OBJC_ISA_USAGE = YES_ERROR;
				CLANG_WARN_DOCUMENTATION_COMMENTS = YES;
				CLANG_WARN_EMPTY_BODY = YES;
				CLANG_WARN_ENUM_CONVERSION = YES;
				CLANG_WARN_INFINITE_RECURSION = YES;
				CLANG_WARN_INT_CONVERSION = YES;
				CLANG_WARN_NON_LITERAL_NULL_CONVERSION = YES;
				CLANG_WARN_OBJC_IMPLICIT_RETAIN_SELF = YES;
				CLANG_WARN_OBJC_LITERAL_CONVERSION = YES;
				CLANG_WARN_OBJC_ROOT_CLASS = YES_ERROR;
				CLANG_WARN_RANGE_LOOP_ANALYSIS = YES;
				CLANG_WARN_STRICT_PROTOTYPES = YES;
				CLANG_WARN_SUSPICIOUS_MOVE = YES;
				CLANG_WARN_UNGUARDED_AVAILABILITY = YES_AGGRESSIVE;
				CLANG_WARN_UNREACHABLE_CODE = YES;
				CLANG_WARN__DUPLICATE_METHOD_MATCH = YES;
				CODE_SIGN_IDENTITY = "Mac Developer";
				COPY_PHASE_STRIP = NO;
				DEBUG_INFORMATION_FORMAT = dwarf;
				ENABLE_STRICT_OBJC_MSGSEND = YES;
				ENABLE_TESTABILITY = YES;
				GCC_C_LANGUAGE_STANDARD = gnu11;
				GCC_DYNAMIC_NO_PIC = NO;
				GCC_NO_COMMON_BLOCKS = YES;
				GCC_OPTIMIZATION_LEVEL = 0;
				GCC_PREPROCESSOR_DEFINITIONS = (
					"DEBUG=1",
					"$(inherited)",
				);
				GCC_WARN_64_TO_32_BIT_CONVERSION = YES;
				GCC_WARN_ABOUT_RETURN_TYPE = YES_ERROR;
				GCC_WARN_UNDECLARED_SELECTOR = YES;
				GCC_WARN_UNINITIALIZED_AUTOS = YES_AGGRESSIVE;
				GCC_WARN_UNUSED_FUNCTION = YES;
				GCC_WARN_UNUSED_VARIABLE = YES;
				MACOSX_DEPLOYMENT_TARGET = 10.14;
				MTL_ENABLE_DEBUG_INFO = INCLUDE_SOURCE;
				MTL_FAST_MATH = YES;
				ONLY_ACTIVE_ARCH = YES;
				SDKROOT = macosx;
			};
			name = Debug;
		};
		155336CC251248560011B0B4 /* Release */ = {
			isa = XCBuildConfiguration;
			buildSettings = {
				ALWAYS_SEARCH_USER_PATHS = NO;
				CLANG_ANALYZER_NONNULL = YES;
				CLANG_ANALYZER_NUMBER_OBJECT_CONVERSION = YES_AGGRESSIVE;
				CLANG_CXX_LANGUAGE_STANDARD = "gnu++14";
				CLANG_CXX_LIBRARY = "libc++";
				CLANG_ENABLE_MODULES = YES;
				CLANG_ENABLE_OBJC_ARC = YES;
				CLANG_ENABLE_OBJC_WEAK = YES;
				CLANG_WARN_BLOCK_CAPTURE_AUTORELEASING = YES;
				CLANG_WARN_BOOL_CONVERSION = YES;
				CLANG_WARN_COMMA = YES;
				CLANG_WARN_CONSTANT_CONVERSION = YES;
				CLANG_WARN_DEPRECATED_OBJC_IMPLEMENTATIONS = YES;
				CLANG_WARN_DIRECT_OBJC_ISA_USAGE = YES_ERROR;
				CLANG_WARN_DOCUMENTATION_COMMENTS = YES;
				CLANG_WARN_EMPTY_BODY = YES;
				CLANG_WARN_ENUM_CONVERSION = YES;
				CLANG_WARN_INFINITE_RECURSION = YES;
				CLANG_WARN_INT_CONVERSION = YES;
				CLANG_WARN_NON_LITERAL_NULL_CONVERSION = YES;
				CLANG_WARN_OBJC_IMPLICIT_RETAIN_SELF = YES;
				CLANG_WARN_OBJC_LITERAL_CONVERSION = YES;
				CLANG_WARN_OBJC_ROOT_CLASS = YES_ERROR;
				CLANG_WARN_RANGE_LOOP_ANALYSIS = YES;
				CLANG_WARN_STRICT_PROTOTYPES = YES;
				CLANG_WARN_SUSPICIOUS_MOVE = YES;
				CLANG_WARN_UNGUARDED_AVAILABILITY = YES_AGGRESSIVE;
				CLANG_WARN_UNREACHABLE_CODE = YES;
				CLANG_WARN__DUPLICATE_METHOD_MATCH = YES;
				CODE_SIGN_IDENTITY = "Mac Developer";
				COPY_PHASE_STRIP = NO;
				DEBUG_INFORMATION_FORMAT = "dwarf-with-dsym";
				ENABLE_NS_ASSERTIONS = NO;
				ENABLE_STRICT_OBJC_MSGSEND = YES;
				GCC_C_LANGUAGE_STANDARD = gnu11;
				GCC_NO_COMMON_BLOCKS = YES;
				GCC_WARN_64_TO_32_BIT_CONVERSION = YES;
				GCC_WARN_ABOUT_RETURN_TYPE = YES_ERROR;
				GCC_WARN_UNDECLARED_SELECTOR = YES;
				GCC_WARN_UNINITIALIZED_AUTOS = YES_AGGRESSIVE;
				GCC_WARN_UNUSED_FUNCTION = YES;
				GCC_WARN_UNUSED_VARIABLE = YES;
				MACOSX_DEPLOYMENT_TARGET = 10.14;
				MTL_ENABLE_DEBUG_INFO = NO;
				MTL_FAST_MATH = YES;
				SDKROOT = macosx;
			};
			name = Release;
		};
		155336CE251248560011B0B4 /* Debug */ = {
			isa = XCBuildConfiguration;
			buildSettings = {
				CODE_SIGN_STYLE = Automatic;
				DEVELOPMENT_TEAM = 29QS2U2ZSM;
				PRODUCT_NAME = "$(TARGET_NAME)";
			};
			name = Debug;
		};
		155336CF251248560011B0B4 /* Release */ = {
			isa = XCBuildConfiguration;
			buildSettings = {
				CODE_SIGN_STYLE = Automatic;
				DEVELOPMENT_TEAM = 29QS2U2ZSM;
				PRODUCT_NAME = "$(TARGET_NAME)";
			};
			name = Release;
		};
/* End XCBuildConfiguration section */

/* Begin XCConfigurationList section */
		155336C1251248560011B0B4 /* Build configuration list for PBXProject "Mumsh" */ = {
			isa = XCConfigurationList;
			buildConfigurations = (
				155336CB251248560011B0B4 /* Debug */,
				155336CC251248560011B0B4 /* Release */,
			);
			defaultConfigurationIsVisible = 0;
			defaultConfigurationName = Release;
		};
		155336CD251248560011B0B4 /* Build configuration list for PBXNativeTarget "Mumsh" */ = {
			isa = XCConfigurationList;
			buildConfigurations = (
				155336CE251248560011B0B4 /* Debug */,
				155336CF251248560011B0B4 /* Release */,
			);
			defaultConfigurationIsVisible = 0;
			defaultConfigurationName = Release;
		};
/* End XCConfigurationList section */
	};
	rootObject = 155336BE251248560011B0B4 /* Project object */;
}
